
Microsoft Visual Studio Solution File, Format Version 12.00
# Visual Studio Version 17
VisualStudioVersion = 17.14.36301.6 d17.14
MinimumVisualStudioVersion = 10.0.40219.1
Project("{FAE04EC0-301F-11D3-BF4B-00C04F79EFBC}") = "FoodOrderingSystem", "FoodOrderingSystem\FoodOrderingSystem.csproj", "{8FF861F5-CDF8-49D6-A31A-A22B5F38FCC3}"
EndProject
Global
	GlobalSection(SolutionConfigurationPlatforms) = preSolution
		Debug|Any CPU = Debug|Any CPU
		Release|Any CPU = Release|Any CPU
	EndGlobalSection
	GlobalSection(ProjectConfigurationPlatforms) = postSolution
		{8FF861F5-CDF8-49D6-A31A-A22B5F38FCC3}.Debug|Any CPU.ActiveCfg = Debug|Any CPU
		{8FF861F5-CDF8-49D6-A31A-A22B5F38FCC3}.Debug|Any CPU.Build.0 = Debug|Any CPU
		{8FF861F5-CDF8-49D6-A31A-A22B5F38FCC3}.Release|Any CPU.ActiveCfg = Release|Any CPU
		{8FF861F5-CDF8-49D6-A31A-A22B5F38FCC3}.Release|Any CPU.Build.0 = Release|Any CPU
	EndGlobalSection
	GlobalSection(SolutionProperties) = preSolution
		HideSolutionNode = FALSE
	EndGlobalSection
	GlobalSection(ExtensibilityGlobals) = postSolution
		SolutionGuid = {204E04D4-55BC-4936-BD55-0A1382EEA242}
	EndGlobalSection
EndGlobal
